// !$*UTF8*$!
{
	archiveVersion = 1;
	classes = {
	};
	objectVersion = 50;
	objects = {

/* Begin PBXBuildFile section */
		39ACCB01ABB5EA3E17B3F4FF /* Pods_VIPER.framework in Frameworks */ = {isa = PBXBuildFile; fileRef = BBB06012E6D199A94236575F /* Pods_VIPER.framework */; };
		422BCE2E2160D8FE006605C4 /* Localizable.strings in Resources */ = {isa = PBXBuildFile; fileRef = 422BCE302160D8FE006605C4 /* Localizable.strings */; };
		422BCE332160DA51006605C4 /* TaskListTableViewCell.swift in Sources */ = {isa = PBXBuildFile; fileRef = 422BCE322160DA51006605C4 /* TaskListTableViewCell.swift */; };
		422BCE352160DC38006605C4 /* BaseInteractor.swift in Sources */ = {isa = PBXBuildFile; fileRef = 422BCE342160DC38006605C4 /* BaseInteractor.swift */; };
		422BCE372160E02E006605C4 /* Storyboard.swift in Sources */ = {isa = PBXBuildFile; fileRef = 422BCE362160E02E006605C4 /* Storyboard.swift */; };
		422BCE392160E86F006605C4 /* TaskDetailViewController.swift in Sources */ = {isa = PBXBuildFile; fileRef = 422BCE382160E86F006605C4 /* TaskDetailViewController.swift */; };
		422BCE3D2160E8BE006605C4 /* TaskDetailPresenter.swift in Sources */ = {isa = PBXBuildFile; fileRef = 422BCE3C2160E8BE006605C4 /* TaskDetailPresenter.swift */; };
		422BCE3F2160E8C5006605C4 /* TaskDetailRouter.swift in Sources */ = {isa = PBXBuildFile; fileRef = 422BCE3E2160E8C5006605C4 /* TaskDetailRouter.swift */; };
		422BCE412160E8D4006605C4 /* TaskDetailContract.swift in Sources */ = {isa = PBXBuildFile; fileRef = 422BCE402160E8D4006605C4 /* TaskDetailContract.swift */; };
		422BCE492160E911006605C4 /* TaskDetail.storyboard in Resources */ = {isa = PBXBuildFile; fileRef = 422BCE482160E911006605C4 /* TaskDetail.storyboard */; };
		422BCE4B2160FFD4006605C4 /* IndicatableViewExtension.swift in Sources */ = {isa = PBXBuildFile; fileRef = 422BCE4A2160FFD4006605C4 /* IndicatableViewExtension.swift */; };
		422BCE4D21610025006605C4 /* ActivityIndicator.swift in Sources */ = {isa = PBXBuildFile; fileRef = 422BCE4C21610025006605C4 /* ActivityIndicator.swift */; };
		422BCE4F21610183006605C4 /* ViewProtocols.swift in Sources */ = {isa = PBXBuildFile; fileRef = 422BCE4E21610183006605C4 /* ViewProtocols.swift */; };
		422BCE52216133F1006605C4 /* UIViewControllerExtension.swift in Sources */ = {isa = PBXBuildFile; fileRef = 422BCE51216133F1006605C4 /* UIViewControllerExtension.swift */; };
		4253B4B3215F631E00C695DF /* TaskListContract.swift in Sources */ = {isa = PBXBuildFile; fileRef = 4253B4B2215F631E00C695DF /* TaskListContract.swift */; };
		42B485E7215E682D0005B90A /* AppDelegate.swift in Sources */ = {isa = PBXBuildFile; fileRef = 42B485E6215E682D0005B90A /* AppDelegate.swift */; };
		42B485EE215E682F0005B90A /* Assets.xcassets in Resources */ = {isa = PBXBuildFile; fileRef = 42B485ED215E682F0005B90A /* Assets.xcassets */; };
		42B485F1215E682F0005B90A /* LaunchScreen.storyboard in Resources */ = {isa = PBXBuildFile; fileRef = 42B485EF215E682F0005B90A /* LaunchScreen.storyboard */; };
		42B485FC215E682F0005B90A /* VIPERTests.swift in Sources */ = {isa = PBXBuildFile; fileRef = 42B485FB215E682F0005B90A /* VIPERTests.swift */; };
		42B48607215E682F0005B90A /* VIPERUITests.swift in Sources */ = {isa = PBXBuildFile; fileRef = 42B48606215E682F0005B90A /* VIPERUITests.swift */; };
		42B48618215E6AEC0005B90A /* Localization.swift in Sources */ = {isa = PBXBuildFile; fileRef = 42B48617215E6AEC0005B90A /* Localization.swift */; };
		42B4861B215E6B2A0005B90A /* Constants.swift in Sources */ = {isa = PBXBuildFile; fileRef = 42B4861A215E6B2A0005B90A /* Constants.swift */; };
		42B4861D215E6B820005B90A /* Config.swift in Sources */ = {isa = PBXBuildFile; fileRef = 42B4861C215E6B820005B90A /* Config.swift */; };
		42B4861F215E6BC10005B90A /* StringExtension.swift in Sources */ = {isa = PBXBuildFile; fileRef = 42B4861E215E6BC10005B90A /* StringExtension.swift */; };
		42B48622215E6C340005B90A /* VIPERAPIService.swift in Sources */ = {isa = PBXBuildFile; fileRef = 42B48621215E6C340005B90A /* VIPERAPIService.swift */; };
		42B48629215E71FC0005B90A /* Task.swift in Sources */ = {isa = PBXBuildFile; fileRef = 42B48628215E71FC0005B90A /* Task.swift */; };
		42B4862B215E72630005B90A /* TaskListInteractor.swift in Sources */ = {isa = PBXBuildFile; fileRef = 42B4862A215E72630005B90A /* TaskListInteractor.swift */; };
		42B4862D215E72740005B90A /* TaskListPresenter.swift in Sources */ = {isa = PBXBuildFile; fileRef = 42B4862C215E72740005B90A /* TaskListPresenter.swift */; };
		42B4862F215E727F0005B90A /* TaskListRouter.swift in Sources */ = {isa = PBXBuildFile; fileRef = 42B4862E215E727F0005B90A /* TaskListRouter.swift */; };
		42B48631215E72980005B90A /* TaskListViewController.swift in Sources */ = {isa = PBXBuildFile; fileRef = 42B48630215E72980005B90A /* TaskListViewController.swift */; };
		42B48639215E736E0005B90A /* BaseViewController.swift in Sources */ = {isa = PBXBuildFile; fileRef = 42B48638215E736E0005B90A /* BaseViewController.swift */; };
		42B4863D215E73D60005B90A /* TaskList.storyboard in Resources */ = {isa = PBXBuildFile; fileRef = 42B4863C215E73D60005B90A /* TaskList.storyboard */; };
		42DE4826215E880A003F9C8C /* APIError.swift in Sources */ = {isa = PBXBuildFile; fileRef = 42DE4823215E880A003F9C8C /* APIError.swift */; };
		42DE4828215E880A003F9C8C /* Reachability.swift in Sources */ = {isa = PBXBuildFile; fileRef = 42DE4825215E880A003F9C8C /* Reachability.swift */; };
		42DE482A215E88F5003F9C8C /* ErrorResponse.swift in Sources */ = {isa = PBXBuildFile; fileRef = 42DE4829215E88F5003F9C8C /* ErrorResponse.swift */; };
		4E613C1FAFB186B80B084B00 /* Pods_VIPERTests.framework in Frameworks */ = {isa = PBXBuildFile; fileRef = E8A968465379494EE8B7AD62 /* Pods_VIPERTests.framework */; };
		8B879ECE5E7BB0D64E93ED80 /* Pods_VIPERUITests.framework in Frameworks */ = {isa = PBXBuildFile; fileRef = D78E9E6694D7FC7BD5C28D6F /* Pods_VIPERUITests.framework */; };
/* End PBXBuildFile section */

/* Begin PBXContainerItemProxy section */
		42B485F8215E682F0005B90A /* PBXContainerItemProxy */ = {
			isa = PBXContainerItemProxy;
			containerPortal = 42B485DB215E682D0005B90A /* Project object */;
			proxyType = 1;
			remoteGlobalIDString = 42B485E2215E682D0005B90A;
			remoteInfo = VIPER;
		};
		42B48603215E682F0005B90A /* PBXContainerItemProxy */ = {
			isa = PBXContainerItemProxy;
			containerPortal = 42B485DB215E682D0005B90A /* Project object */;
			proxyType = 1;
			remoteGlobalIDString = 42B485E2215E682D0005B90A;
			remoteInfo = VIPER;
		};
/* End PBXContainerItemProxy section */

/* Begin PBXFileReference section */
		1C3F0025DF12247730570628 /* Pods-VIPER.debug.xcconfig */ = {isa = PBXFileReference; includeInIndex = 1; lastKnownFileType = text.xcconfig; name = "Pods-VIPER.debug.xcconfig"; path = "Pods/Target Support Files/Pods-VIPER/Pods-VIPER.debug.xcconfig"; sourceTree = "<group>"; };
		422BCE2D2160D8F6006605C4 /* tr */ = {isa = PBXFileReference; lastKnownFileType = text.plist.strings; name = tr; path = tr.lproj/LaunchScreen.strings; sourceTree = "<group>"; };
		422BCE2F2160D8FE006605C4 /* en */ = {isa = PBXFileReference; lastKnownFileType = text.plist.strings; name = en; path = en.lproj/Localizable.strings; sourceTree = "<group>"; };
		422BCE312160D8FF006605C4 /* tr */ = {isa = PBXFileReference; lastKnownFileType = text.plist.strings; name = tr; path = tr.lproj/Localizable.strings; sourceTree = "<group>"; };
		422BCE322160DA51006605C4 /* TaskListTableViewCell.swift */ = {isa = PBXFileReference; lastKnownFileType = sourcecode.swift; path = TaskListTableViewCell.swift; sourceTree = "<group>"; };
		422BCE342160DC38006605C4 /* BaseInteractor.swift */ = {isa = PBXFileReference; lastKnownFileType = sourcecode.swift; path = BaseInteractor.swift; sourceTree = "<group>"; };
		422BCE362160E02E006605C4 /* Storyboard.swift */ = {isa = PBXFileReference; lastKnownFileType = sourcecode.swift; path = Storyboard.swift; sourceTree = "<group>"; };
		422BCE382160E86F006605C4 /* TaskDetailViewController.swift */ = {isa = PBXFileReference; lastKnownFileType = sourcecode.swift; path = TaskDetailViewController.swift; sourceTree = "<group>"; };
		422BCE3C2160E8BE006605C4 /* TaskDetailPresenter.swift */ = {isa = PBXFileReference; lastKnownFileType = sourcecode.swift; path = TaskDetailPresenter.swift; sourceTree = "<group>"; };
		422BCE3E2160E8C5006605C4 /* TaskDetailRouter.swift */ = {isa = PBXFileReference; lastKnownFileType = sourcecode.swift; path = TaskDetailRouter.swift; sourceTree = "<group>"; };
		422BCE402160E8D4006605C4 /* TaskDetailContract.swift */ = {isa = PBXFileReference; lastKnownFileType = sourcecode.swift; path = TaskDetailContract.swift; sourceTree = "<group>"; };
		422BCE482160E911006605C4 /* TaskDetail.storyboard */ = {isa = PBXFileReference; lastKnownFileType = file.storyboard; path = TaskDetail.storyboard; sourceTree = "<group>"; };
		422BCE4A2160FFD4006605C4 /* IndicatableViewExtension.swift */ = {isa = PBXFileReference; fileEncoding = 4; lastKnownFileType = sourcecode.swift; path = IndicatableViewExtension.swift; sourceTree = "<group>"; };
		422BCE4C21610025006605C4 /* ActivityIndicator.swift */ = {isa = PBXFileReference; lastKnownFileType = sourcecode.swift; path = ActivityIndicator.swift; sourceTree = "<group>"; };
		422BCE4E21610183006605C4 /* ViewProtocols.swift */ = {isa = PBXFileReference; lastKnownFileType = sourcecode.swift; path = ViewProtocols.swift; sourceTree = "<group>"; };
		422BCE51216133F1006605C4 /* UIViewControllerExtension.swift */ = {isa = PBXFileReference; lastKnownFileType = sourcecode.swift; path = UIViewControllerExtension.swift; sourceTree = "<group>"; };
		4253B4B2215F631E00C695DF /* TaskListContract.swift */ = {isa = PBXFileReference; lastKnownFileType = sourcecode.swift; path = TaskListContract.swift; sourceTree = "<group>"; };
		42B485E3215E682D0005B90A /* VIPER.app */ = {isa = PBXFileReference; explicitFileType = wrapper.application; includeInIndex = 0; path = VIPER.app; sourceTree = BUILT_PRODUCTS_DIR; };
		42B485E6215E682D0005B90A /* AppDelegate.swift */ = {isa = PBXFileReference; lastKnownFileType = sourcecode.swift; path = AppDelegate.swift; sourceTree = "<group>"; };
		42B485ED215E682F0005B90A /* Assets.xcassets */ = {isa = PBXFileReference; lastKnownFileType = folder.assetcatalog; path = Assets.xcassets; sourceTree = "<group>"; };
		42B485F0215E682F0005B90A /* Base */ = {isa = PBXFileReference; lastKnownFileType = file.storyboard; name = Base; path = Base.lproj/LaunchScreen.storyboard; sourceTree = "<group>"; };
		42B485F2215E682F0005B90A /* Info.plist */ = {isa = PBXFileReference; lastKnownFileType = text.plist.xml; path = Info.plist; sourceTree = "<group>"; };
		42B485F7215E682F0005B90A /* VIPERTests.xctest */ = {isa = PBXFileReference; explicitFileType = wrapper.cfbundle; includeInIndex = 0; path = VIPERTests.xctest; sourceTree = BUILT_PRODUCTS_DIR; };
		42B485FB215E682F0005B90A /* VIPERTests.swift */ = {isa = PBXFileReference; lastKnownFileType = sourcecode.swift; path = VIPERTests.swift; sourceTree = "<group>"; };
		42B485FD215E682F0005B90A /* Info.plist */ = {isa = PBXFileReference; lastKnownFileType = text.plist.xml; path = Info.plist; sourceTree = "<group>"; };
		42B48602215E682F0005B90A /* VIPERUITests.xctest */ = {isa = PBXFileReference; explicitFileType = wrapper.cfbundle; includeInIndex = 0; path = VIPERUITests.xctest; sourceTree = BUILT_PRODUCTS_DIR; };
		42B48606215E682F0005B90A /* VIPERUITests.swift */ = {isa = PBXFileReference; lastKnownFileType = sourcecode.swift; path = VIPERUITests.swift; sourceTree = "<group>"; };
		42B48608215E682F0005B90A /* Info.plist */ = {isa = PBXFileReference; lastKnownFileType = text.plist.xml; path = Info.plist; sourceTree = "<group>"; };
		42B48617215E6AEC0005B90A /* Localization.swift */ = {isa = PBXFileReference; lastKnownFileType = sourcecode.swift; path = Localization.swift; sourceTree = "<group>"; };
		42B4861A215E6B2A0005B90A /* Constants.swift */ = {isa = PBXFileReference; lastKnownFileType = sourcecode.swift; path = Constants.swift; sourceTree = "<group>"; };
		42B4861C215E6B820005B90A /* Config.swift */ = {isa = PBXFileReference; lastKnownFileType = sourcecode.swift; path = Config.swift; sourceTree = "<group>"; };
		42B4861E215E6BC10005B90A /* StringExtension.swift */ = {isa = PBXFileReference; lastKnownFileType = sourcecode.swift; path = StringExtension.swift; sourceTree = "<group>"; };
		42B48621215E6C340005B90A /* VIPERAPIService.swift */ = {isa = PBXFileReference; lastKnownFileType = sourcecode.swift; path = VIPERAPIService.swift; sourceTree = "<group>"; };
		42B48628215E71FC0005B90A /* Task.swift */ = {isa = PBXFileReference; lastKnownFileType = sourcecode.swift; path = Task.swift; sourceTree = "<group>"; };
		42B4862A215E72630005B90A /* TaskListInteractor.swift */ = {isa = PBXFileReference; lastKnownFileType = sourcecode.swift; path = TaskListInteractor.swift; sourceTree = "<group>"; };
		42B4862C215E72740005B90A /* TaskListPresenter.swift */ = {isa = PBXFileReference; lastKnownFileType = sourcecode.swift; path = TaskListPresenter.swift; sourceTree = "<group>"; };
		42B4862E215E727F0005B90A /* TaskListRouter.swift */ = {isa = PBXFileReference; lastKnownFileType = sourcecode.swift; path = TaskListRouter.swift; sourceTree = "<group>"; };
		42B48630215E72980005B90A /* TaskListViewController.swift */ = {isa = PBXFileReference; lastKnownFileType = sourcecode.swift; path = TaskListViewController.swift; sourceTree = "<group>"; };
		42B48638215E736E0005B90A /* BaseViewController.swift */ = {isa = PBXFileReference; lastKnownFileType = sourcecode.swift; path = BaseViewController.swift; sourceTree = "<group>"; };
		42B4863C215E73D60005B90A /* TaskList.storyboard */ = {isa = PBXFileReference; lastKnownFileType = file.storyboard; path = TaskList.storyboard; sourceTree = "<group>"; };
		42DE4823215E880A003F9C8C /* APIError.swift */ = {isa = PBXFileReference; fileEncoding = 4; lastKnownFileType = sourcecode.swift; path = APIError.swift; sourceTree = "<group>"; };
		42DE4825215E880A003F9C8C /* Reachability.swift */ = {isa = PBXFileReference; fileEncoding = 4; lastKnownFileType = sourcecode.swift; path = Reachability.swift; sourceTree = "<group>"; };
		42DE4829215E88F5003F9C8C /* ErrorResponse.swift */ = {isa = PBXFileReference; lastKnownFileType = sourcecode.swift; path = ErrorResponse.swift; sourceTree = "<group>"; };
		63ED0816628D6A0757DB6558 /* Pods-VIPERUITests.debug.xcconfig */ = {isa = PBXFileReference; includeInIndex = 1; lastKnownFileType = text.xcconfig; name = "Pods-VIPERUITests.debug.xcconfig"; path = "Pods/Target Support Files/Pods-VIPERUITests/Pods-VIPERUITests.debug.xcconfig"; sourceTree = "<group>"; };
		96EE60B2C3A597C91317356E /* Pods-VIPERTests.release.xcconfig */ = {isa = PBXFileReference; includeInIndex = 1; lastKnownFileType = text.xcconfig; name = "Pods-VIPERTests.release.xcconfig"; path = "Pods/Target Support Files/Pods-VIPERTests/Pods-VIPERTests.release.xcconfig"; sourceTree = "<group>"; };
		AF51BB87AEB81A189027DA4E /* Pods-VIPERTests.debug.xcconfig */ = {isa = PBXFileReference; includeInIndex = 1; lastKnownFileType = text.xcconfig; name = "Pods-VIPERTests.debug.xcconfig"; path = "Pods/Target Support Files/Pods-VIPERTests/Pods-VIPERTests.debug.xcconfig"; sourceTree = "<group>"; };
		BBB06012E6D199A94236575F /* Pods_VIPER.framework */ = {isa = PBXFileReference; explicitFileType = wrapper.framework; includeInIndex = 0; path = Pods_VIPER.framework; sourceTree = BUILT_PRODUCTS_DIR; };
		D78E9E6694D7FC7BD5C28D6F /* Pods_VIPERUITests.framework */ = {isa = PBXFileReference; explicitFileType = wrapper.framework; includeInIndex = 0; path = Pods_VIPERUITests.framework; sourceTree = BUILT_PRODUCTS_DIR; };
		D83598D9140660CEBD7F98E2 /* Pods-VIPER.release.xcconfig */ = {isa = PBXFileReference; includeInIndex = 1; lastKnownFileType = text.xcconfig; name = "Pods-VIPER.release.xcconfig"; path = "Pods/Target Support Files/Pods-VIPER/Pods-VIPER.release.xcconfig"; sourceTree = "<group>"; };
		E8A968465379494EE8B7AD62 /* Pods_VIPERTests.framework */ = {isa = PBXFileReference; explicitFileType = wrapper.framework; includeInIndex = 0; path = Pods_VIPERTests.framework; sourceTree = BUILT_PRODUCTS_DIR; };
		EC14C78161DF9D63C3556AC7 /* Pods-VIPERUITests.release.xcconfig */ = {isa = PBXFileReference; includeInIndex = 1; lastKnownFileType = text.xcconfig; name = "Pods-VIPERUITests.release.xcconfig"; path = "Pods/Target Support Files/Pods-VIPERUITests/Pods-VIPERUITests.release.xcconfig"; sourceTree = "<group>"; };
/* End PBXFileReference section */

/* Begin PBXFrameworksBuildPhase section */
		42B485E0215E682D0005B90A /* Frameworks */ = {
			isa = PBXFrameworksBuildPhase;
			buildActionMask = 2147483647;
			files = (
				39ACCB01ABB5EA3E17B3F4FF /* Pods_VIPER.framework in Frameworks */,
			);
			runOnlyForDeploymentPostprocessing = 0;
		};
		42B485F4215E682F0005B90A /* Frameworks */ = {
			isa = PBXFrameworksBuildPhase;
			buildActionMask = 2147483647;
			files = (
				4E613C1FAFB186B80B084B00 /* Pods_VIPERTests.framework in Frameworks */,
			);
			runOnlyForDeploymentPostprocessing = 0;
		};
		42B485FF215E682F0005B90A /* Frameworks */ = {
			isa = PBXFrameworksBuildPhase;
			buildActionMask = 2147483647;
			files = (
				8B879ECE5E7BB0D64E93ED80 /* Pods_VIPERUITests.framework in Frameworks */,
			);
			runOnlyForDeploymentPostprocessing = 0;
		};
/* End PBXFrameworksBuildPhase section */

/* Begin PBXGroup section */
		422BCE422160E8D8006605C4 /* Task Detail */ = {
			isa = PBXGroup;
			children = (
				422BCE472160E8FE006605C4 /* Contract */,
				422BCE432160E8E9006605C4 /* View */,
				422BCE452160E8F4006605C4 /* Presenter */,
				422BCE462160E8F9006605C4 /* Router */,
			);
			path = "Task Detail";
			sourceTree = "<group>";
		};
		422BCE432160E8E9006605C4 /* View */ = {
			isa = PBXGroup;
			children = (
				422BCE382160E86F006605C4 /* TaskDetailViewController.swift */,
				422BCE482160E911006605C4 /* TaskDetail.storyboard */,
			);
			path = View;
			sourceTree = "<group>";
		};
		422BCE452160E8F4006605C4 /* Presenter */ = {
			isa = PBXGroup;
			children = (
				422BCE3C2160E8BE006605C4 /* TaskDetailPresenter.swift */,
			);
			path = Presenter;
			sourceTree = "<group>";
		};
		422BCE462160E8F9006605C4 /* Router */ = {
			isa = PBXGroup;
			children = (
				422BCE3E2160E8C5006605C4 /* TaskDetailRouter.swift */,
			);
			path = Router;
			sourceTree = "<group>";
		};
		422BCE472160E8FE006605C4 /* Contract */ = {
			isa = PBXGroup;
			children = (
				422BCE402160E8D4006605C4 /* TaskDetailContract.swift */,
			);
			path = Contract;
			sourceTree = "<group>";
		};
		422BCE502161018F006605C4 /* Protocols */ = {
			isa = PBXGroup;
			children = (
				422BCE4E21610183006605C4 /* ViewProtocols.swift */,
			);
			path = Protocols;
			sourceTree = "<group>";
		};
		4253B4B4215F632200C695DF /* Contract */ = {
			isa = PBXGroup;
			children = (
				4253B4B2215F631E00C695DF /* TaskListContract.swift */,
			);
			path = Contract;
			sourceTree = "<group>";
		};
		4253B4B5215F638200C695DF /* Base */ = {
			isa = PBXGroup;
			children = (
				42B48638215E736E0005B90A /* BaseViewController.swift */,
				422BCE342160DC38006605C4 /* BaseInteractor.swift */,
			);
			path = Base;
			sourceTree = "<group>";
		};
		42B485DA215E682D0005B90A = {
			isa = PBXGroup;
			children = (
				42B485E5215E682D0005B90A /* VIPER */,
				42B485FA215E682F0005B90A /* VIPERTests */,
				42B48605215E682F0005B90A /* VIPERUITests */,
				42B485E4215E682D0005B90A /* Products */,
				86FBE1C3C716A11FE5A79A31 /* Pods */,
				6D99B5AE9C9BBB0D2FEFDB9C /* Frameworks */,
			);
			sourceTree = "<group>";
		};
		42B485E4215E682D0005B90A /* Products */ = {
			isa = PBXGroup;
			children = (
				42B485E3215E682D0005B90A /* VIPER.app */,
				42B485F7215E682F0005B90A /* VIPERTests.xctest */,
				42B48602215E682F0005B90A /* VIPERUITests.xctest */,
			);
			name = Products;
			sourceTree = "<group>";
		};
		42B485E5215E682D0005B90A /* VIPER */ = {
			isa = PBXGroup;
			children = (
				42B485E6215E682D0005B90A /* AppDelegate.swift */,
				42B48615215E69F20005B90A /* Config */,
				42DE4822215E880A003F9C8C /* Classes */,
				42B48619215E6AF10005B90A /* Enums */,
				422BCE502161018F006605C4 /* Protocols */,
				42B48626215E71BA0005B90A /* Managers */,
				42B48623215E6C380005B90A /* Services */,
				42B48620215E6BC80005B90A /* Extensions */,
				42B48627215E71C90005B90A /* Entities */,
				42B48633215E72F60005B90A /* Modules */,
				42B48616215E6A4B0005B90A /* Resources */,
			);
			path = VIPER;
			sourceTree = "<group>";
		};
		42B485FA215E682F0005B90A /* VIPERTests */ = {
			isa = PBXGroup;
			children = (
				42B485FB215E682F0005B90A /* VIPERTests.swift */,
				42B485FD215E682F0005B90A /* Info.plist */,
			);
			path = VIPERTests;
			sourceTree = "<group>";
		};
		42B48605215E682F0005B90A /* VIPERUITests */ = {
			isa = PBXGroup;
			children = (
				42B48606215E682F0005B90A /* VIPERUITests.swift */,
				42B48608215E682F0005B90A /* Info.plist */,
			);
			path = VIPERUITests;
			sourceTree = "<group>";
		};
		42B48615215E69F20005B90A /* Config */ = {
			isa = PBXGroup;
			children = (
				42B485F2215E682F0005B90A /* Info.plist */,
				42B4861C215E6B820005B90A /* Config.swift */,
			);
			path = Config;
			sourceTree = "<group>";
		};
		42B48616215E6A4B0005B90A /* Resources */ = {
			isa = PBXGroup;
			children = (
				42B485EF215E682F0005B90A /* LaunchScreen.storyboard */,
				42B485ED215E682F0005B90A /* Assets.xcassets */,
				422BCE302160D8FE006605C4 /* Localizable.strings */,
			);
			path = Resources;
			sourceTree = "<group>";
		};
		42B48619215E6AF10005B90A /* Enums */ = {
			isa = PBXGroup;
			children = (
				42B4861A215E6B2A0005B90A /* Constants.swift */,
				42B48617215E6AEC0005B90A /* Localization.swift */,
				422BCE362160E02E006605C4 /* Storyboard.swift */,
			);
			path = Enums;
			sourceTree = "<group>";
		};
		42B48620215E6BC80005B90A /* Extensions */ = {
			isa = PBXGroup;
			children = (
				42B4861E215E6BC10005B90A /* StringExtension.swift */,
				422BCE4A2160FFD4006605C4 /* IndicatableViewExtension.swift */,
				422BCE51216133F1006605C4 /* UIViewControllerExtension.swift */,
			);
			path = Extensions;
			sourceTree = "<group>";
		};
		42B48623215E6C380005B90A /* Services */ = {
			isa = PBXGroup;
			children = (
				42B48621215E6C340005B90A /* VIPERAPIService.swift */,
			);
			path = Services;
			sourceTree = "<group>";
		};
		42B48626215E71BA0005B90A /* Managers */ = {
			isa = PBXGroup;
			children = (
			);
			path = Managers;
			sourceTree = "<group>";
		};
		42B48627215E71C90005B90A /* Entities */ = {
			isa = PBXGroup;
			children = (
				42B48628215E71FC0005B90A /* Task.swift */,
				42DE4829215E88F5003F9C8C /* ErrorResponse.swift */,
			);
			path = Entities;
			sourceTree = "<group>";
		};
		42B48632215E72EC0005B90A /* Task List */ = {
			isa = PBXGroup;
			children = (
				4253B4B4215F632200C695DF /* Contract */,
				42B48637215E73280005B90A /* View */,
				42B48634215E73160005B90A /* Interactor */,
				42B48635215E731D0005B90A /* Presenter */,
				42B48636215E73220005B90A /* Router */,
			);
			path = "Task List";
			sourceTree = "<group>";
		};
		42B48633215E72F60005B90A /* Modules */ = {
			isa = PBXGroup;
			children = (
				4253B4B5215F638200C695DF /* Base */,
				42B48632215E72EC0005B90A /* Task List */,
				422BCE422160E8D8006605C4 /* Task Detail */,
			);
			path = Modules;
			sourceTree = "<group>";
		};
		42B48634215E73160005B90A /* Interactor */ = {
			isa = PBXGroup;
			children = (
				42B4862A215E72630005B90A /* TaskListInteractor.swift */,
			);
			path = Interactor;
			sourceTree = "<group>";
		};
		42B48635215E731D0005B90A /* Presenter */ = {
			isa = PBXGroup;
			children = (
				42B4862C215E72740005B90A /* TaskListPresenter.swift */,
			);
			path = Presenter;
			sourceTree = "<group>";
		};
		42B48636215E73220005B90A /* Router */ = {
			isa = PBXGroup;
			children = (
				42B4862E215E727F0005B90A /* TaskListRouter.swift */,
			);
			path = Router;
			sourceTree = "<group>";
		};
		42B48637215E73280005B90A /* View */ = {
			isa = PBXGroup;
			children = (
				42B48630215E72980005B90A /* TaskListViewController.swift */,
				422BCE322160DA51006605C4 /* TaskListTableViewCell.swift */,
				42B4863C215E73D60005B90A /* TaskList.storyboard */,
			);
			path = View;
			sourceTree = "<group>";
		};
		42DE4822215E880A003F9C8C /* Classes */ = {
			isa = PBXGroup;
			children = (
				42DE4823215E880A003F9C8C /* APIError.swift */,
				42DE4825215E880A003F9C8C /* Reachability.swift */,
				422BCE4C21610025006605C4 /* ActivityIndicator.swift */,
			);
			path = Classes;
			sourceTree = "<group>";
		};
		6D99B5AE9C9BBB0D2FEFDB9C /* Frameworks */ = {
			isa = PBXGroup;
			children = (
				BBB06012E6D199A94236575F /* Pods_VIPER.framework */,
				E8A968465379494EE8B7AD62 /* Pods_VIPERTests.framework */,
				D78E9E6694D7FC7BD5C28D6F /* Pods_VIPERUITests.framework */,
			);
			name = Frameworks;
			sourceTree = "<group>";
		};
		86FBE1C3C716A11FE5A79A31 /* Pods */ = {
			isa = PBXGroup;
			children = (
				1C3F0025DF12247730570628 /* Pods-VIPER.debug.xcconfig */,
				D83598D9140660CEBD7F98E2 /* Pods-VIPER.release.xcconfig */,
				AF51BB87AEB81A189027DA4E /* Pods-VIPERTests.debug.xcconfig */,
				96EE60B2C3A597C91317356E /* Pods-VIPERTests.release.xcconfig */,
				63ED0816628D6A0757DB6558 /* Pods-VIPERUITests.debug.xcconfig */,
				EC14C78161DF9D63C3556AC7 /* Pods-VIPERUITests.release.xcconfig */,
			);
			name = Pods;
			sourceTree = "<group>";
		};
/* End PBXGroup section */

/* Begin PBXNativeTarget section */
		42B485E2215E682D0005B90A /* VIPER */ = {
			isa = PBXNativeTarget;
			buildConfigurationList = 42B4860B215E682F0005B90A /* Build configuration list for PBXNativeTarget "VIPER" */;
			buildPhases = (
				D717CDB112FA73712438ECB0 /* [CP] Check Pods Manifest.lock */,
				42B485DF215E682D0005B90A /* Sources */,
				42B485E0215E682D0005B90A /* Frameworks */,
				42B485E1215E682D0005B90A /* Resources */,
				F9E1836983B5F7AB0B7BDA33 /* [CP] Embed Pods Frameworks */,
			);
			buildRules = (
			);
			dependencies = (
			);
			name = VIPER;
			productName = VIPER;
			productReference = 42B485E3215E682D0005B90A /* VIPER.app */;
			productType = "com.apple.product-type.application";
		};
		42B485F6215E682F0005B90A /* VIPERTests */ = {
			isa = PBXNativeTarget;
			buildConfigurationList = 42B4860E215E682F0005B90A /* Build configuration list for PBXNativeTarget "VIPERTests" */;
			buildPhases = (
				BBCFC205AC7CC473A3FAB241 /* [CP] Check Pods Manifest.lock */,
				42B485F3215E682F0005B90A /* Sources */,
				42B485F4215E682F0005B90A /* Frameworks */,
				42B485F5215E682F0005B90A /* Resources */,
				E7849E22D2263DF130D4BE4D /* [CP] Embed Pods Frameworks */,
			);
			buildRules = (
			);
			dependencies = (
				42B485F9215E682F0005B90A /* PBXTargetDependency */,
			);
			name = VIPERTests;
			productName = VIPERTests;
			productReference = 42B485F7215E682F0005B90A /* VIPERTests.xctest */;
			productType = "com.apple.product-type.bundle.unit-test";
		};
		42B48601215E682F0005B90A /* VIPERUITests */ = {
			isa = PBXNativeTarget;
			buildConfigurationList = 42B48611215E682F0005B90A /* Build configuration list for PBXNativeTarget "VIPERUITests" */;
			buildPhases = (
				7105106FA6DAE515A14C9B7A /* [CP] Check Pods Manifest.lock */,
				42B485FE215E682F0005B90A /* Sources */,
				42B485FF215E682F0005B90A /* Frameworks */,
				42B48600215E682F0005B90A /* Resources */,
				0141BFEEB77E581D936646FF /* [CP] Embed Pods Frameworks */,
			);
			buildRules = (
			);
			dependencies = (
				42B48604215E682F0005B90A /* PBXTargetDependency */,
			);
			name = VIPERUITests;
			productName = VIPERUITests;
			productReference = 42B48602215E682F0005B90A /* VIPERUITests.xctest */;
			productType = "com.apple.product-type.bundle.ui-testing";
		};
/* End PBXNativeTarget section */

/* Begin PBXProject section */
		42B485DB215E682D0005B90A /* Project object */ = {
			isa = PBXProject;
			attributes = {
				LastSwiftUpdateCheck = 1000;
				LastUpgradeCheck = 1000;
				ORGANIZATIONNAME = "Anıl Sözeri";
				TargetAttributes = {
					42B485E2215E682D0005B90A = {
						CreatedOnToolsVersion = 10.0;
					};
					42B485F6215E682F0005B90A = {
						CreatedOnToolsVersion = 10.0;
						TestTargetID = 42B485E2215E682D0005B90A;
					};
					42B48601215E682F0005B90A = {
						CreatedOnToolsVersion = 10.0;
						TestTargetID = 42B485E2215E682D0005B90A;
					};
				};
			};
			buildConfigurationList = 42B485DE215E682D0005B90A /* Build configuration list for PBXProject "VIPER" */;
			compatibilityVersion = "Xcode 9.3";
			developmentRegion = en;
			hasScannedForEncodings = 0;
			knownRegions = (
				en,
				Base,
				tr,
			);
			mainGroup = 42B485DA215E682D0005B90A;
			productRefGroup = 42B485E4215E682D0005B90A /* Products */;
			projectDirPath = "";
			projectRoot = "";
			targets = (
				42B485E2215E682D0005B90A /* VIPER */,
				42B485F6215E682F0005B90A /* VIPERTests */,
				42B48601215E682F0005B90A /* VIPERUITests */,
			);
		};
/* End PBXProject section */

/* Begin PBXResourcesBuildPhase section */
		42B485E1215E682D0005B90A /* Resources */ = {
			isa = PBXResourcesBuildPhase;
			buildActionMask = 2147483647;
			files = (
				42B4863D215E73D60005B90A /* TaskList.storyboard in Resources */,
				422BCE2E2160D8FE006605C4 /* Localizable.strings in Resources */,
				422BCE492160E911006605C4 /* TaskDetail.storyboard in Resources */,
				42B485F1215E682F0005B90A /* LaunchScreen.storyboard in Resources */,
				42B485EE215E682F0005B90A /* Assets.xcassets in Resources */,
			);
			runOnlyForDeploymentPostprocessing = 0;
		};
		42B485F5215E682F0005B90A /* Resources */ = {
			isa = PBXResourcesBuildPhase;
			buildActionMask = 2147483647;
			files = (
			);
			runOnlyForDeploymentPostprocessing = 0;
		};
		42B48600215E682F0005B90A /* Resources */ = {
			isa = PBXResourcesBuildPhase;
			buildActionMask = 2147483647;
			files = (
			);
			runOnlyForDeploymentPostprocessing = 0;
		};
/* End PBXResourcesBuildPhase section */

/* Begin PBXShellScriptBuildPhase section */
		0141BFEEB77E581D936646FF /* [CP] Embed Pods Frameworks */ = {
			isa = PBXShellScriptBuildPhase;
			buildActionMask = 2147483647;
			files = (
			);
			inputPaths = (
				"${SRCROOT}/Pods/Target Support Files/Pods-VIPERUITests/Pods-VIPERUITests-frameworks.sh",
				"${BUILT_PRODUCTS_DIR}/Alamofire/Alamofire.framework",
				"${BUILT_PRODUCTS_DIR}/RxAlamofire/RxAlamofire.framework",
				"${BUILT_PRODUCTS_DIR}/RxCocoa/RxCocoa.framework",
				"${BUILT_PRODUCTS_DIR}/RxSwift/RxSwift.framework",
				"${BUILT_PRODUCTS_DIR}/SnapKit/SnapKit.framework",
				"${BUILT_PRODUCTS_DIR}/RxBlocking/RxBlocking.framework",
				"${BUILT_PRODUCTS_DIR}/RxTest/RxTest.framework",
			);
			name = "[CP] Embed Pods Frameworks";
			outputPaths = (
				"${TARGET_BUILD_DIR}/${FRAMEWORKS_FOLDER_PATH}/Alamofire.framework",
				"${TARGET_BUILD_DIR}/${FRAMEWORKS_FOLDER_PATH}/RxAlamofire.framework",
				"${TARGET_BUILD_DIR}/${FRAMEWORKS_FOLDER_PATH}/RxCocoa.framework",
				"${TARGET_BUILD_DIR}/${FRAMEWORKS_FOLDER_PATH}/RxSwift.framework",
				"${TARGET_BUILD_DIR}/${FRAMEWORKS_FOLDER_PATH}/SnapKit.framework",
				"${TARGET_BUILD_DIR}/${FRAMEWORKS_FOLDER_PATH}/RxBlocking.framework",
				"${TARGET_BUILD_DIR}/${FRAMEWORKS_FOLDER_PATH}/RxTest.framework",
			);
			runOnlyForDeploymentPostprocessing = 0;
			shellPath = /bin/sh;
			shellScript = "\"${SRCROOT}/Pods/Target Support Files/Pods-VIPERUITests/Pods-VIPERUITests-frameworks.sh\"\n";
			showEnvVarsInLog = 0;
		};
		7105106FA6DAE515A14C9B7A /* [CP] Check Pods Manifest.lock */ = {
			isa = PBXShellScriptBuildPhase;
			buildActionMask = 2147483647;
			files = (
			);
			inputPaths = (
				"${PODS_PODFILE_DIR_PATH}/Podfile.lock",
				"${PODS_ROOT}/Manifest.lock",
			);
			name = "[CP] Check Pods Manifest.lock";
			outputPaths = (
				"$(DERIVED_FILE_DIR)/Pods-VIPERUITests-checkManifestLockResult.txt",
			);
			runOnlyForDeploymentPostprocessing = 0;
			shellPath = /bin/sh;
			shellScript = "diff \"${PODS_PODFILE_DIR_PATH}/Podfile.lock\" \"${PODS_ROOT}/Manifest.lock\" > /dev/null\nif [ $? != 0 ] ; then\n    # print error to STDERR\n    echo \"error: The sandbox is not in sync with the Podfile.lock. Run 'pod install' or update your CocoaPods installation.\" >&2\n    exit 1\nfi\n# This output is used by Xcode 'outputs' to avoid re-running this script phase.\necho \"SUCCESS\" > \"${SCRIPT_OUTPUT_FILE_0}\"\n";
			showEnvVarsInLog = 0;
		};
		BBCFC205AC7CC473A3FAB241 /* [CP] Check Pods Manifest.lock */ = {
			isa = PBXShellScriptBuildPhase;
			buildActionMask = 2147483647;
			files = (
			);
			inputPaths = (
				"${PODS_PODFILE_DIR_PATH}/Podfile.lock",
				"${PODS_ROOT}/Manifest.lock",
			);
			name = "[CP] Check Pods Manifest.lock";
			outputPaths = (
				"$(DERIVED_FILE_DIR)/Pods-VIPERTests-checkManifestLockResult.txt",
			);
			runOnlyForDeploymentPostprocessing = 0;
			shellPath = /bin/sh;
			shellScript = "diff \"${PODS_PODFILE_DIR_PATH}/Podfile.lock\" \"${PODS_ROOT}/Manifest.lock\" > /dev/null\nif [ $? != 0 ] ; then\n    # print error to STDERR\n    echo \"error: The sandbox is not in sync with the Podfile.lock. Run 'pod install' or update your CocoaPods installation.\" >&2\n    exit 1\nfi\n# This output is used by Xcode 'outputs' to avoid re-running this script phase.\necho \"SUCCESS\" > \"${SCRIPT_OUTPUT_FILE_0}\"\n";
			showEnvVarsInLog = 0;
		};
		D717CDB112FA73712438ECB0 /* [CP] Check Pods Manifest.lock */ = {
			isa = PBXShellScriptBuildPhase;
			buildActionMask = 2147483647;
			files = (
			);
			inputPaths = (
				"${PODS_PODFILE_DIR_PATH}/Podfile.lock",
				"${PODS_ROOT}/Manifest.lock",
			);
			name = "[CP] Check Pods Manifest.lock";
			outputPaths = (
				"$(DERIVED_FILE_DIR)/Pods-VIPER-checkManifestLockResult.txt",
			);
			runOnlyForDeploymentPostprocessing = 0;
			shellPath = /bin/sh;
			shellScript = "diff \"${PODS_PODFILE_DIR_PATH}/Podfile.lock\" \"${PODS_ROOT}/Manifest.lock\" > /dev/null\nif [ $? != 0 ] ; then\n    # print error to STDERR\n    echo \"error: The sandbox is not in sync with the Podfile.lock. Run 'pod install' or update your CocoaPods installation.\" >&2\n    exit 1\nfi\n# This output is used by Xcode 'outputs' to avoid re-running this script phase.\necho \"SUCCESS\" > \"${SCRIPT_OUTPUT_FILE_0}\"\n";
			showEnvVarsInLog = 0;
		};
		E7849E22D2263DF130D4BE4D /* [CP] Embed Pods Frameworks */ = {
			isa = PBXShellScriptBuildPhase;
			buildActionMask = 2147483647;
			files = (
			);
			inputPaths = (
				"${SRCROOT}/Pods/Target Support Files/Pods-VIPERTests/Pods-VIPERTests-frameworks.sh",
				"${BUILT_PRODUCTS_DIR}/Alamofire/Alamofire.framework",
				"${BUILT_PRODUCTS_DIR}/RxAlamofire/RxAlamofire.framework",
				"${BUILT_PRODUCTS_DIR}/RxCocoa/RxCocoa.framework",
				"${BUILT_PRODUCTS_DIR}/RxSwift/RxSwift.framework",
				"${BUILT_PRODUCTS_DIR}/SnapKit/SnapKit.framework",
				"${BUILT_PRODUCTS_DIR}/RxBlocking/RxBlocking.framework",
				"${BUILT_PRODUCTS_DIR}/RxTest/RxTest.framework",
			);
			name = "[CP] Embed Pods Frameworks";
			outputPaths = (
				"${TARGET_BUILD_DIR}/${FRAMEWORKS_FOLDER_PATH}/Alamofire.framework",
				"${TARGET_BUILD_DIR}/${FRAMEWORKS_FOLDER_PATH}/RxAlamofire.framework",
				"${TARGET_BUILD_DIR}/${FRAMEWORKS_FOLDER_PATH}/RxCocoa.framework",
				"${TARGET_BUILD_DIR}/${FRAMEWORKS_FOLDER_PATH}/RxSwift.framework",
				"${TARGET_BUILD_DIR}/${FRAMEWORKS_FOLDER_PATH}/SnapKit.framework",
				"${TARGET_BUILD_DIR}/${FRAMEWORKS_FOLDER_PATH}/RxBlocking.framework",
				"${TARGET_BUILD_DIR}/${FRAMEWORKS_FOLDER_PATH}/RxTest.framework",
			);
			runOnlyForDeploymentPostprocessing = 0;
			shellPath = /bin/sh;
			shellScript = "\"${SRCROOT}/Pods/Target Support Files/Pods-VIPERTests/Pods-VIPERTests-frameworks.sh\"\n";
			showEnvVarsInLog = 0;
		};
		F9E1836983B5F7AB0B7BDA33 /* [CP] Embed Pods Frameworks */ = {
			isa = PBXShellScriptBuildPhase;
			buildActionMask = 2147483647;
			files = (
			);
			inputPaths = (
				"${SRCROOT}/Pods/Target Support Files/Pods-VIPER/Pods-VIPER-frameworks.sh",
				"${BUILT_PRODUCTS_DIR}/Alamofire/Alamofire.framework",
				"${BUILT_PRODUCTS_DIR}/RxAlamofire/RxAlamofire.framework",
				"${BUILT_PRODUCTS_DIR}/RxCocoa/RxCocoa.framework",
				"${BUILT_PRODUCTS_DIR}/RxSwift/RxSwift.framework",
				"${BUILT_PRODUCTS_DIR}/SnapKit/SnapKit.framework",
			);
			name = "[CP] Embed Pods Frameworks";
			outputPaths = (
				"${TARGET_BUILD_DIR}/${FRAMEWORKS_FOLDER_PATH}/Alamofire.framework",
				"${TARGET_BUILD_DIR}/${FRAMEWORKS_FOLDER_PATH}/RxAlamofire.framework",
				"${TARGET_BUILD_DIR}/${FRAMEWORKS_FOLDER_PATH}/RxCocoa.framework",
				"${TARGET_BUILD_DIR}/${FRAMEWORKS_FOLDER_PATH}/RxSwift.framework",
				"${TARGET_BUILD_DIR}/${FRAMEWORKS_FOLDER_PATH}/SnapKit.framework",
			);
			runOnlyForDeploymentPostprocessing = 0;
			shellPath = /bin/sh;
			shellScript = "\"${SRCROOT}/Pods/Target Support Files/Pods-VIPER/Pods-VIPER-frameworks.sh\"\n";
			showEnvVarsInLog = 0;
		};
/* End PBXShellScriptBuildPhase section */

/* Begin PBXSourcesBuildPhase section */
		42B485DF215E682D0005B90A /* Sources */ = {
			isa = PBXSourcesBuildPhase;
			buildActionMask = 2147483647;
			files = (
				42DE482A215E88F5003F9C8C /* ErrorResponse.swift in Sources */,
				422BCE4B2160FFD4006605C4 /* IndicatableViewExtension.swift in Sources */,
				42B48618215E6AEC0005B90A /* Localization.swift in Sources */,
				42B48631215E72980005B90A /* TaskListViewController.swift in Sources */,
				42B4861D215E6B820005B90A /* Config.swift in Sources */,
				42B4862D215E72740005B90A /* TaskListPresenter.swift in Sources */,
				42B4861F215E6BC10005B90A /* StringExtension.swift in Sources */,
				42B48639215E736E0005B90A /* BaseViewController.swift in Sources */,
				422BCE412160E8D4006605C4 /* TaskDetailContract.swift in Sources */,
				422BCE332160DA51006605C4 /* TaskListTableViewCell.swift in Sources */,
				422BCE3D2160E8BE006605C4 /* TaskDetailPresenter.swift in Sources */,
				422BCE52216133F1006605C4 /* UIViewControllerExtension.swift in Sources */,
				42B485E7215E682D0005B90A /* AppDelegate.swift in Sources */,
				42DE4828215E880A003F9C8C /* Reachability.swift in Sources */,
				422BCE372160E02E006605C4 /* Storyboard.swift in Sources */,
				42B4862F215E727F0005B90A /* TaskListRouter.swift in Sources */,
				422BCE3F2160E8C5006605C4 /* TaskDetailRouter.swift in Sources */,
				422BCE4F21610183006605C4 /* ViewProtocols.swift in Sources */,
				422BCE4D21610025006605C4 /* ActivityIndicator.swift in Sources */,
				422BCE352160DC38006605C4 /* BaseInteractor.swift in Sources */,
				42B4861B215E6B2A0005B90A /* Constants.swift in Sources */,
				422BCE392160E86F006605C4 /* TaskDetailViewController.swift in Sources */,
				42B4862B215E72630005B90A /* TaskListInteractor.swift in Sources */,
				42B48629215E71FC0005B90A /* Task.swift in Sources */,
				42B48622215E6C340005B90A /* VIPERAPIService.swift in Sources */,
				4253B4B3215F631E00C695DF /* TaskListContract.swift in Sources */,
				42DE4826215E880A003F9C8C /* APIError.swift in Sources */,
			);
			runOnlyForDeploymentPostprocessing = 0;
		};
		42B485F3215E682F0005B90A /* Sources */ = {
			isa = PBXSourcesBuildPhase;
			buildActionMask = 2147483647;
			files = (
				42B485FC215E682F0005B90A /* VIPERTests.swift in Sources */,
			);
			runOnlyForDeploymentPostprocessing = 0;
		};
		42B485FE215E682F0005B90A /* Sources */ = {
			isa = PBXSourcesBuildPhase;
			buildActionMask = 2147483647;
			files = (
				42B48607215E682F0005B90A /* VIPERUITests.swift in Sources */,
			);
			runOnlyForDeploymentPostprocessing = 0;
		};
/* End PBXSourcesBuildPhase section */

/* Begin PBXTargetDependency section */
		42B485F9215E682F0005B90A /* PBXTargetDependency */ = {
			isa = PBXTargetDependency;
			target = 42B485E2215E682D0005B90A /* VIPER */;
			targetProxy = 42B485F8215E682F0005B90A /* PBXContainerItemProxy */;
		};
		42B48604215E682F0005B90A /* PBXTargetDependency */ = {
			isa = PBXTargetDependency;
			target = 42B485E2215E682D0005B90A /* VIPER */;
			targetProxy = 42B48603215E682F0005B90A /* PBXContainerItemProxy */;
		};
/* End PBXTargetDependency section */

/* Begin PBXVariantGroup section */
		422BCE302160D8FE006605C4 /* Localizable.strings */ = {
			isa = PBXVariantGroup;
			children = (
				422BCE2F2160D8FE006605C4 /* en */,
				422BCE312160D8FF006605C4 /* tr */,
			);
			name = Localizable.strings;
			sourceTree = "<group>";
		};
		42B485EF215E682F0005B90A /* LaunchScreen.storyboard */ = {
			isa = PBXVariantGroup;
			children = (
				42B485F0215E682F0005B90A /* Base */,
				422BCE2D2160D8F6006605C4 /* tr */,
			);
			name = LaunchScreen.storyboard;
			sourceTree = "<group>";
		};
/* End PBXVariantGroup section */

/* Begin XCBuildConfiguration section */
		42B48609215E682F0005B90A /* Debug */ = {
			isa = XCBuildConfiguration;
			buildSettings = {
				ALWAYS_SEARCH_USER_PATHS = NO;
				CLANG_ANALYZER_LOCALIZABILITY_NONLOCALIZED = YES;
				CLANG_ANALYZER_NONNULL = YES;
				CLANG_ANALYZER_NUMBER_OBJECT_CONVERSION = YES_AGGRESSIVE;
				CLANG_CXX_LANGUAGE_STANDARD = "gnu++14";
				CLANG_CXX_LIBRARY = "libc++";
				CLANG_ENABLE_MODULES = YES;
				CLANG_ENABLE_OBJC_ARC = YES;
				CLANG_ENABLE_OBJC_WEAK = YES;
				CLANG_WARN_BLOCK_CAPTURE_AUTORELEASING = YES;
				CLANG_WARN_BOOL_CONVERSION = YES;
				CLANG_WARN_COMMA = YES;
				CLANG_WARN_CONSTANT_CONVERSION = YES;
				CLANG_WARN_DEPRECATED_OBJC_IMPLEMENTATIONS = YES;
				CLANG_WARN_DIRECT_OBJC_ISA_USAGE = YES_ERROR;
				CLANG_WARN_DOCUMENTATION_COMMENTS = YES;
				CLANG_WARN_EMPTY_BODY = YES;
				CLANG_WARN_ENUM_CONVERSION = YES;
				CLANG_WARN_INFINITE_RECURSION = YES;
				CLANG_WARN_INT_CONVERSION = YES;
				CLANG_WARN_NON_LITERAL_NULL_CONVERSION = YES;
				CLANG_WARN_OBJC_IMPLICIT_RETAIN_SELF = YES;
				CLANG_WARN_OBJC_LITERAL_CONVERSION = YES;
				CLANG_WARN_OBJC_ROOT_CLASS = YES_ERROR;
				CLANG_WARN_RANGE_LOOP_ANALYSIS = YES;
				CLANG_WARN_STRICT_PROTOTYPES = YES;
				CLANG_WARN_SUSPICIOUS_MOVE = YES;
				CLANG_WARN_UNGUARDED_AVAILABILITY = YES_AGGRESSIVE;
				CLANG_WARN_UNREACHABLE_CODE = YES;
				CLANG_WARN__DUPLICATE_METHOD_MATCH = YES;
				CODE_SIGN_IDENTITY = "iPhone Developer";
				COPY_PHASE_STRIP = NO;
				DEBUG_INFORMATION_FORMAT = dwarf;
				ENABLE_STRICT_OBJC_MSGSEND = YES;
				ENABLE_TESTABILITY = YES;
				GCC_C_LANGUAGE_STANDARD = gnu11;
				GCC_DYNAMIC_NO_PIC = NO;
				GCC_NO_COMMON_BLOCKS = YES;
				GCC_OPTIMIZATION_LEVEL = 0;
				GCC_PREPROCESSOR_DEFINITIONS = (
					"DEBUG=1",
					"$(inherited)",
				);
				GCC_WARN_64_TO_32_BIT_CONVERSION = YES;
				GCC_WARN_ABOUT_RETURN_TYPE = YES_ERROR;
				GCC_WARN_UNDECLARED_SELECTOR = YES;
				GCC_WARN_UNINITIALIZED_AUTOS = YES_AGGRESSIVE;
				GCC_WARN_UNUSED_FUNCTION = YES;
				GCC_WARN_UNUSED_VARIABLE = YES;
				IPHONEOS_DEPLOYMENT_TARGET = 12.0;
				MTL_ENABLE_DEBUG_INFO = INCLUDE_SOURCE;
				MTL_FAST_MATH = YES;
				ONLY_ACTIVE_ARCH = YES;
				SDKROOT = iphoneos;
				SWIFT_ACTIVE_COMPILATION_CONDITIONS = DEBUG;
				SWIFT_OPTIMIZATION_LEVEL = "-Onone";
			};
			name = Debug;
		};
		42B4860A215E682F0005B90A /* Release */ = {
			isa = XCBuildConfiguration;
			buildSettings = {
				ALWAYS_SEARCH_USER_PATHS = NO;
				CLANG_ANALYZER_LOCALIZABILITY_NONLOCALIZED = YES;
				CLANG_ANALYZER_NONNULL = YES;
				CLANG_ANALYZER_NUMBER_OBJECT_CONVERSION = YES_AGGRESSIVE;
				CLANG_CXX_LANGUAGE_STANDARD = "gnu++14";
				CLANG_CXX_LIBRARY = "libc++";
				CLANG_ENABLE_MODULES = YES;
				CLANG_ENABLE_OBJC_ARC = YES;
				CLANG_ENABLE_OBJC_WEAK = YES;
				CLANG_WARN_BLOCK_CAPTURE_AUTORELEASING = YES;
				CLANG_WARN_BOOL_CONVERSION = YES;
				CLANG_WARN_COMMA = YES;
				CLANG_WARN_CONSTANT_CONVERSION = YES;
				CLANG_WARN_DEPRECATED_OBJC_IMPLEMENTATIONS = YES;
				CLANG_WARN_DIRECT_OBJC_ISA_USAGE = YES_ERROR;
				CLANG_WARN_DOCUMENTATION_COMMENTS = YES;
				CLANG_WARN_EMPTY_BODY = YES;
				CLANG_WARN_ENUM_CONVERSION = YES;
				CLANG_WARN_INFINITE_RECURSION = YES;
				CLANG_WARN_INT_CONVERSION = YES;
				CLANG_WARN_NON_LITERAL_NULL_CONVERSION = YES;
				CLANG_WARN_OBJC_IMPLICIT_RETAIN_SELF = YES;
				CLANG_WARN_OBJC_LITERAL_CONVERSION = YES;
				CLANG_WARN_OBJC_ROOT_CLASS = YES_ERROR;
				CLANG_WARN_RANGE_LOOP_ANALYSIS = YES;
				CLANG_WARN_STRICT_PROTOTYPES = YES;
				CLANG_WARN_SUSPICIOUS_MOVE = YES;
				CLANG_WARN_UNGUARDED_AVAILABILITY = YES_AGGRESSIVE;
				CLANG_WARN_UNREACHABLE_CODE = YES;
				CLANG_WARN__DUPLICATE_METHOD_MATCH = YES;
				CODE_SIGN_IDENTITY = "iPhone Developer";
				COPY_PHASE_STRIP = NO;
				DEBUG_INFORMATION_FORMAT = "dwarf-with-dsym";
				ENABLE_NS_ASSERTIONS = NO;
				ENABLE_STRICT_OBJC_MSGSEND = YES;
				GCC_C_LANGUAGE_STANDARD = gnu11;
				GCC_NO_COMMON_BLOCKS = YES;
				GCC_WARN_64_TO_32_BIT_CONVERSION = YES;
				GCC_WARN_ABOUT_RETURN_TYPE = YES_ERROR;
				GCC_WARN_UNDECLARED_SELECTOR = YES;
				GCC_WARN_UNINITIALIZED_AUTOS = YES_AGGRESSIVE;
				GCC_WARN_UNUSED_FUNCTION = YES;
				GCC_WARN_UNUSED_VARIABLE = YES;
				IPHONEOS_DEPLOYMENT_TARGET = 12.0;
				MTL_ENABLE_DEBUG_INFO = NO;
				MTL_FAST_MATH = YES;
				SDKROOT = iphoneos;
				SWIFT_COMPILATION_MODE = wholemodule;
				SWIFT_OPTIMIZATION_LEVEL = "-O";
				VALIDATE_PRODUCT = YES;
			};
			name = Release;
		};
		42B4860C215E682F0005B90A /* Debug */ = {
			isa = XCBuildConfiguration;
			baseConfigurationReference = 1C3F0025DF12247730570628 /* Pods-VIPER.debug.xcconfig */;
			buildSettings = {
				ASSETCATALOG_COMPILER_APPICON_NAME = AppIcon;
				CODE_SIGN_STYLE = Automatic;
				DEVELOPMENT_TEAM = K867YW3BD5;
				INFOPLIST_FILE = "$(SRCROOT)/VIPER/Config/Info.plist";
				IPHONEOS_DEPLOYMENT_TARGET = 9.0;
				LD_RUNPATH_SEARCH_PATHS = (
					"$(inherited)",
					"@executable_path/Frameworks",
				);
				PRODUCT_BUNDLE_IDENTIFIER = com.as.VIPER;
				PRODUCT_NAME = "$(TARGET_NAME)";
				SWIFT_VERSION = 4.2;
				TARGETED_DEVICE_FAMILY = "1,2";
			};
			name = Debug;
		};
		42B4860D215E682F0005B90A /* Release */ = {
			isa = XCBuildConfiguration;
			baseConfigurationReference = D83598D9140660CEBD7F98E2 /* Pods-VIPER.release.xcconfig */;
			buildSettings = {
				ASSETCATALOG_COMPILER_APPICON_NAME = AppIcon;
				CODE_SIGN_STYLE = Automatic;
				DEVELOPMENT_TEAM = K867YW3BD5;
				INFOPLIST_FILE = "$(SRCROOT)/VIPER/Config/Info.plist";
				IPHONEOS_DEPLOYMENT_TARGET = 9.0;
				LD_RUNPATH_SEARCH_PATHS = (
					"$(inherited)",
					"@executable_path/Frameworks",
				);
				PRODUCT_BUNDLE_IDENTIFIER = com.as.VIPER;
				PRODUCT_NAME = "$(TARGET_NAME)";
				SWIFT_VERSION = 4.2;
				TARGETED_DEVICE_FAMILY = "1,2";
			};
			name = Release;
		};
		42B4860F215E682F0005B90A /* Debug */ = {
			isa = XCBuildConfiguration;
			baseConfigurationReference = AF51BB87AEB81A189027DA4E /* Pods-VIPERTests.debug.xcconfig */;
			buildSettings = {
				ALWAYS_EMBED_SWIFT_STANDARD_LIBRARIES = YES;
				BUNDLE_LOADER = "$(TEST_HOST)";
				CODE_SIGN_STYLE = Automatic;
				DEVELOPMENT_TEAM = K867YW3BD5;
				INFOPLIST_FILE = VIPERTests/Info.plist;
				LD_RUNPATH_SEARCH_PATHS = (
					"$(inherited)",
					"@executable_path/Frameworks",
					"@loader_path/Frameworks",
				);
				PRODUCT_BUNDLE_IDENTIFIER = com.as.VIPERTests;
				PRODUCT_NAME = "$(TARGET_NAME)";
				SWIFT_VERSION = 4.2;
				TARGETED_DEVICE_FAMILY = "1,2";
				TEST_HOST = "$(BUILT_PRODUCTS_DIR)/VIPER.app/VIPER";
			};
			name = Debug;
		};
		42B48610215E682F0005B90A /* Release */ = {
			isa = XCBuildConfiguration;
			baseConfigurationReference = 96EE60B2C3A597C91317356E /* Pods-VIPERTests.release.xcconfig */;
			buildSettings = {
				ALWAYS_EMBED_SWIFT_STANDARD_LIBRARIES = YES;
				BUNDLE_LOADER = "$(TEST_HOST)";
				CODE_SIGN_STYLE = Automatic;
				DEVELOPMENT_TEAM = K867YW3BD5;
				INFOPLIST_FILE = VIPERTests/Info.plist;
				LD_RUNPATH_SEARCH_PATHS = (
					"$(inherited)",
					"@executable_path/Frameworks",
					"@loader_path/Frameworks",
				);
				PRODUCT_BUNDLE_IDENTIFIER = com.as.VIPERTests;
				PRODUCT_NAME = "$(TARGET_NAME)";
				SWIFT_VERSION = 4.2;
				TARGETED_DEVICE_FAMILY = "1,2";
				TEST_HOST = "$(BUILT_PRODUCTS_DIR)/VIPER.app/VIPER";
			};
			name = Release;
		};
		42B48612215E682F0005B90A /* Debug */ = {
			isa = XCBuildConfiguration;
			baseConfigurationReference = 63ED0816628D6A0757DB6558 /* Pods-VIPERUITests.debug.xcconfig */;
			buildSettings = {
				ALWAYS_EMBED_SWIFT_STANDARD_LIBRARIES = YES;
				CODE_SIGN_STYLE = Automatic;
				DEVELOPMENT_TEAM = K867YW3BD5;
				INFOPLIST_FILE = VIPERUITests/Info.plist;
				LD_RUNPATH_SEARCH_PATHS = (
					"$(inherited)",
					"@executable_path/Frameworks",
					"@loader_path/Frameworks",
				);
				PRODUCT_BUNDLE_IDENTIFIER = com.as.VIPERUITests;
				PRODUCT_NAME = "$(TARGET_NAME)";
				SWIFT_VERSION = 4.2;
				TARGETED_DEVICE_FAMILY = "1,2";
				TEST_TARGET_NAME = VIPER;
			};
			name = Debug;
		};
		42B48613215E682F0005B90A /* Release */ = {
			isa = XCBuildConfiguration;
			baseConfigurationReference = EC14C78161DF9D63C3556AC7 /* Pods-VIPERUITests.release.xcconfig */;
			buildSettings = {
				ALWAYS_EMBED_SWIFT_STANDARD_LIBRARIES = YES;
				CODE_SIGN_STYLE = Automatic;
				DEVELOPMENT_TEAM = K867YW3BD5;
				INFOPLIST_FILE = VIPERUITests/Info.plist;
				LD_RUNPATH_SEARCH_PATHS = (
					"$(inherited)",
					"@executable_path/Frameworks",
					"@loader_path/Frameworks",
				);
				PRODUCT_BUNDLE_IDENTIFIER = com.as.VIPERUITests;
				PRODUCT_NAME = "$(TARGET_NAME)";
				SWIFT_VERSION = 4.2;
				TARGETED_DEVICE_FAMILY = "1,2";
				TEST_TARGET_NAME = VIPER;
			};
			name = Release;
		};
/* End XCBuildConfiguration section */

/* Begin XCConfigurationList section */
		42B485DE215E682D0005B90A /* Build configuration list for PBXProject "VIPER" */ = {
			isa = XCConfigurationList;
			buildConfigurations = (
				42B48609215E682F0005B90A /* Debug */,
				42B4860A215E682F0005B90A /* Release */,
			);
			defaultConfigurationIsVisible = 0;
			defaultConfigurationName = Release;
		};
		42B4860B215E682F0005B90A /* Build configuration list for PBXNativeTarget "VIPER" */ = {
			isa = XCConfigurationList;
			buildConfigurations = (
				42B4860C215E682F0005B90A /* Debug */,
				42B4860D215E682F0005B90A /* Release */,
			);
			defaultConfigurationIsVisible = 0;
			defaultConfigurationName = Release;
		};
		42B4860E215E682F0005B90A /* Build configuration list for PBXNativeTarget "VIPERTests" */ = {
			isa = XCConfigurationList;
			buildConfigurations = (
				42B4860F215E682F0005B90A /* Debug */,
				42B48610215E682F0005B90A /* Release */,
			);
			defaultConfigurationIsVisible = 0;
			defaultConfigurationName = Release;
		};
		42B48611215E682F0005B90A /* Build configuration list for PBXNativeTarget "VIPERUITests" */ = {
			isa = XCConfigurationList;
			buildConfigurations = (
				42B48612215E682F0005B90A /* Debug */,
				42B48613215E682F0005B90A /* Release */,
			);
			defaultConfigurationIsVisible = 0;
			defaultConfigurationName = Release;
		};
/* End XCConfigurationList section */
	};
	rootObject = 42B485DB215E682D0005B90A /* Project object */;
}
